
Microsoft Visual Studio Solution File, Format Version 12.00
# Visual Studio 15
VisualStudioVersion = 15.0.28307.902
MinimumVisualStudioVersion = 10.0.40219.1
Project("{FAE04EC0-301F-11D3-BF4B-00C04F79EFBC}") = "Procedimentos", "Procedimentos\Procedimentos.csproj", "{8B9F926A-6FCD-46A9-AD96-54D45FFC3FCF}"
EndProject
Project("{FAE04EC0-301F-11D3-BF4B-00C04F79EFBC}") = "Negocios", "Negocios\Negocios.csproj", "{1021B753-0B23-445A-9BA4-4407ED9FFA91}"
EndProject
Global
	GlobalSection(SolutionConfigurationPlatforms) = preSolution
		Debug|Any CPU = Debug|Any CPU
		Release|Any CPU = Release|Any CPU
	EndGlobalSection
	GlobalSection(ProjectConfigurationPlatforms) = postSolution
		{8B9F926A-6FCD-46A9-AD96-54D45FFC3FCF}.Debug|Any CPU.ActiveCfg = Debug|Any CPU
		{8B9F926A-6FCD-46A9-AD96-54D45FFC3FCF}.Debug|Any CPU.Build.0 = Debug|Any CPU
		{8B9F926A-6FCD-46A9-AD96-54D45FFC3FCF}.Release|Any CPU.ActiveCfg = Release|Any CPU
		{8B9F926A-6FCD-46A9-AD96-54D45FFC3FCF}.Release|Any CPU.Build.0 = Release|Any CPU
		{1021B753-0B23-445A-9BA4-4407ED9FFA91}.Debug|Any CPU.ActiveCfg = Debug|Any CPU
		{1021B753-0B23-445A-9BA4-4407ED9FFA91}.Debug|Any CPU.Build.0 = Debug|Any CPU
		{1021B753-0B23-445A-9BA4-4407ED9FFA91}.Release|Any CPU.ActiveCfg = Release|Any CPU
		{1021B753-0B23-445A-9BA4-4407ED9FFA91}.Release|Any CPU.Build.0 = Release|Any CPU
	EndGlobalSection
	GlobalSection(SolutionProperties) = preSolution
		HideSolutionNode = FALSE
	EndGlobalSection
	GlobalSection(ExtensibilityGlobals) = postSolution
		SolutionGuid = {0EE3ED67-B665-48D9-A4C0-069FB514F244}
	EndGlobalSection
EndGlobal
